<?xml version="1.0" encoding="UTF-8" standalone="yes" ?>
<CodeBlocks_project_file>
	<FileVersion major="1" minor="6" />
	<Project>
		<Option title="C::B Android Ndk project Template" />
		<Option makefile_is_custom="1" />
		<Option pch_mode="2" />
		<Option compiler="android_ndk-build" />
		<Option check_files="0" />
		<Build>
			<Target title="Release">
				<Option output="RunRemote.cmd" prefix_auto="0" extension_auto="0" />
				<Option type="1" />
				<Option compiler="android_ndk-build" />
			</Target>
			<Target title="Debug">
				<Option output="RunRemote.cmd" prefix_auto="0" extension_auto="0" />
				<Option type="1" />
				<Option compiler="android_ndk-build" />
			</Target>
		</Build>
		<Compiler>
			<Add option="-Wall" />
		</Compiler>
		<Unit filename="main.c">
			<Option compilerVar="CC" />
		</Unit>
		<Extensions>
			<code_completion />
			<envvars />
			<debugger>
				<search_path add="obj/local/armeabi-v7a" />
				<search_path add="obj/local/arm64-v8a" />
				<search_path add="obj/local/x86" />
				<search_path add="obj/local/x86_64" />
				<remote_debugging target="Debug">
					<options conn_type="0" serial_baud="115200" ip_address="127.0.0.1" ip_port="59999" additional_cmds_before="set solib-search-path obj/local/armeabi-v7a&#x0A;file obj/local/armeabi-v7a/hello_world&#x0A;" />
				</remote_debugging>
			</debugger>
		</Extensions>
	</Project>
</CodeBlocks_project_file>
